dependencies:
  discord.js: 12.2.0
  discord.js-commando: github.com/discordjs/commando/c5f4b209e89c648cb67007684468b9c51f4aa502_discord.js@12.2.0
  discord.js-commando-kr: 0.11.0-dev-kr_discord.js@12.2.0
  erela.js: 1.1.8
lockfileVersion: 5.1
packages:
  /@discordjs/collection/0.1.6:
    dev: false
    resolution:
      integrity: sha512-utRNxnd9kSS2qhyivo9lMlt5qgAUasH2gb7BEOn6p0efFh24gjGomHzWKMAPn2hEReOPQZCJaRKoURwRotKucQ==
  /@discordjs/form-data/3.0.1:
    dependencies:
      asynckit: 0.4.0
      combined-stream: 1.0.8
      mime-types: 2.1.27
    dev: false
    engines:
      node: '>= 6'
    resolution:
      integrity: sha512-ZfFsbgEXW71Rw/6EtBdrP5VxBJy4dthyC0tpQKGKmYFImlmmrykO14Za+BiIVduwjte0jXEBlhSKf0MWbFp9Eg==
  /abort-controller/3.0.0:
    dependencies:
      event-target-shim: 5.0.1
    dev: false
    engines:
      node: '>=6.5'
    resolution:
      integrity: sha512-h8lQ8tacZYnR3vNQTgibj+tODHI5/+l06Au2Pcriv/Gmet0eaj4TwWH41sO9wnHDiQsEj19q0drzdWdeAHtweg==
  /array-filter/1.0.0:
    dev: false
    resolution:
      integrity: sha1-uveeYubvTCpMC4MSMtr/7CUfnYM=
  /asynckit/0.4.0:
    dev: false
    resolution:
      integrity: sha1-x57Zf380y48robyXkLzDZkdLS3k=
  /available-typed-arrays/1.0.2:
    dependencies:
      array-filter: 1.0.0
    dev: false
    engines:
      node: '>= 0.4'
    resolution:
      integrity: sha512-XWX3OX8Onv97LMk/ftVyBibpGwY5a8SmuxZPzeOxqmuEqUCOM9ZE+uIaD1VNJ5QnvU2UQusvmKbuM1FR8QWGfQ==
  /axios/0.19.2:
    dependencies:
      follow-redirects: 1.5.10
    dev: false
    resolution:
      integrity: sha512-fjgm5MvRHLhx+osE2xoekY70AhARk3a6hkN+3Io1jc00jtquGvxYlKlsFUhmUET0V5te6CcZI7lcv2Ym61mjHA==
  /combined-stream/1.0.8:
    dependencies:
      delayed-stream: 1.0.0
    dev: false
    engines:
      node: '>= 0.8'
    resolution:
      integrity: sha512-FQN4MRfuJeHf7cBbBMJFXhKSDq+2kAArBlmRBvcvFE5BB1HZKXtSFASDhdlz9zOYwxh8lDdnvmMOe/+5cdoEdg==
  /common-tags/1.8.0:
    dev: false
    engines:
      node: '>=4.0.0'
    resolution:
      integrity: sha512-6P6g0uetGpW/sdyUy/iQQCbFF0kWVMSIVSyYz7Zgjcgh8mgw8PQzDNZeyZ5DQ2gM7LBoZPHmnjz8rUthkBG5tw==
  /debug/3.1.0:
    dependencies:
      ms: 2.0.0
    dev: false
    resolution:
      integrity: sha512-OX8XqP7/1a9cqkxYw2yXss15f26NKWBpDXQd0/uK/KPqdQhxbPa994hnzjcE2VqQpDslf55723cKPUOGSmMY3g==
  /define-properties/1.1.3:
    dependencies:
      object-keys: 1.1.1
    dev: false
    engines:
      node: '>= 0.4'
    resolution:
      integrity: sha512-3MqfYKj2lLzdMSf8ZIZE/V+Zuy+BgD6f164e8K2w7dgnpKArBDerGYpM46IYYcjnkdPNMjPk9A6VFB8+3SKlXQ==
  /delayed-stream/1.0.0:
    dev: false
    engines:
      node: '>=0.4.0'
    resolution:
      integrity: sha1-3zrhmayt+31ECqrgsp4icrJOxhk=
  /discord.js-commando-kr/0.11.0-dev-kr_discord.js@12.2.0:
    dependencies:
      common-tags: 1.8.0
      discord.js: 12.2.0
      require-all: 3.0.0
    dev: false
    engines:
      node: '>=8.6.0'
    peerDependencies:
      '@types/better-sqlite3': ^5.0.0
      better-sqlite3: ^5.0.0
      discord.js: ^12.0.0
      sqlite: ^3.0.0
    resolution:
      integrity: sha512-Oqgq25DEGmGfRVessCq5VfMVAuRSXH1/9huO3Qkn2QW6fyVkVqBDxkNpNOMEbVrZNzlZcCLnI4gdpob1E3SLDg==
  /discord.js/12.2.0:
    dependencies:
      '@discordjs/collection': 0.1.6
      '@discordjs/form-data': 3.0.1
      abort-controller: 3.0.0
      node-fetch: 2.6.0
      prism-media: 1.2.2
      setimmediate: 1.0.5
      tweetnacl: 1.0.3
      ws: 7.3.1
    dev: false
    engines:
      node: '>=12.0.0'
    peerDependencies:
      bufferutil: ^4.0.1
      erlpack: discordapp/erlpack
      libsodium-wrappers: ^0.7.6
      sodium: ^3.0.2
      utf-8-validate: ^5.0.2
      zlib-sync: ^0.1.6
    peerDependenciesMeta:
      bufferutil:
        optional: true
      erlpack:
        optional: true
      libsodium-wrappers:
        optional: true
      sodium:
        optional: true
      utf-8-validate:
        optional: true
      zlib-sync:
        optional: true
    resolution:
      integrity: sha512-Ueb/0SOsxXyqwvwFYFe0msMrGqH1OMqpp2Dpbplnlr4MzcRrFWwsBM9gKNZXPVBHWUKiQkwU8AihXBXIvTTSvg==
  /erela.js/1.1.8:
    dependencies:
      axios: 0.19.2
      events: 3.2.0
      lodash: 4.17.20
      util: 0.12.3
      ws: 7.3.1
    dev: false
    resolution:
      integrity: sha512-9VcBrCAUtHjlGTNq4T5suiX3xSKztiJBo1A3Jzl/P01+NsSDa34en9dhAj1ngho2nqIOA8PODEuamRgxqVHZoQ==
  /es-abstract/1.17.6:
    dependencies:
      es-to-primitive: 1.2.1
      function-bind: 1.1.1
      has: 1.0.3
      has-symbols: 1.0.1
      is-callable: 1.2.0
      is-regex: 1.1.1
      object-inspect: 1.8.0
      object-keys: 1.1.1
      object.assign: 4.1.0
      string.prototype.trimend: 1.0.1
      string.prototype.trimstart: 1.0.1
    dev: false
    engines:
      node: '>= 0.4'
    resolution:
      integrity: sha512-Fr89bON3WFyUi5EvAeI48QTWX0AyekGgLA8H+c+7fbfCkJwRWRMLd8CQedNEyJuoYYhmtEqY92pgte1FAhBlhw==
  /es-to-primitive/1.2.1:
    dependencies:
      is-callable: 1.2.0
      is-date-object: 1.0.2
      is-symbol: 1.0.3
    dev: false
    engines:
      node: '>= 0.4'
    resolution:
      integrity: sha512-QCOllgZJtaUo9miYBcLChTUaHNjJF3PYs1VidD7AwiEj1kYxKeQTctLAezAOH5ZKRH0g2IgPn6KwB4IT8iRpvA==
  /event-target-shim/5.0.1:
    dev: false
    engines:
      node: '>=6'
    resolution:
      integrity: sha512-i/2XbnSz/uxRCU6+NdVJgKWDTM427+MqYbkQzD321DuCQJUqOuJKIA0IM2+W2xtYHdKOmZ4dR6fExsd4SXL+WQ==
  /events/3.2.0:
    dev: false
    engines:
      node: '>=0.8.x'
    resolution:
      integrity: sha512-/46HWwbfCX2xTawVfkKLGxMifJYQBWMwY1mjywRtb4c9x8l5NP3KoJtnIOiL1hfdRkIuYhETxQlo62IF8tcnlg==
  /follow-redirects/1.5.10:
    dependencies:
      debug: 3.1.0
    dev: false
    engines:
      node: '>=4.0'
    resolution:
      integrity: sha512-0V5l4Cizzvqt5D44aTXbFZz+FtyXV1vrDN6qrelxtfYQKW0KO0W2T/hkE8xvGa/540LkZlkaUjO4ailYTFtHVQ==
  /foreach/2.0.5:
    dev: false
    resolution:
      integrity: sha1-C+4AUBiusmDQo6865ljdATbsG5k=
  /function-bind/1.1.1:
    dev: false
    resolution:
      integrity: sha512-yIovAzMX49sF8Yl58fSCWJ5svSLuaibPxXQJFLmBObTuCr0Mf1KiPopGM9NiFjiYBCbfaa2Fh6breQ6ANVTI0A==
  /has-symbols/1.0.1:
    dev: false
    engines:
      node: '>= 0.4'
    resolution:
      integrity: sha512-PLcsoqu++dmEIZB+6totNFKq/7Do+Z0u4oT0zKOJNl3lYK6vGwwu2hjHs+68OEZbTjiUE9bgOABXbP/GvrS0Kg==
  /has/1.0.3:
    dependencies:
      function-bind: 1.1.1
    dev: false
    engines:
      node: '>= 0.4.0'
    resolution:
      integrity: sha512-f2dvO0VU6Oej7RkWJGrehjbzMAjFp5/VKPp5tTpWIV4JHHZK1/BxbFRtf/siA2SWTe09caDmVtYYzWEIbBS4zw==
  /inherits/2.0.4:
    dev: false
    resolution:
      integrity: sha512-k/vGaX4/Yla3WzyMCvTQOXYeIHvqOKtnqBduzTHpzpQZzAskKMhZ2K+EnBiSM9zGSoIFeMpXKxa4dYeZIQqewQ==
  /is-arguments/1.0.4:
    dev: false
    engines:
      node: '>= 0.4'
    resolution:
      integrity: sha512-xPh0Rmt8NE65sNzvyUmWgI1tz3mKq74lGA0mL8LYZcoIzKOzDh6HmrYm3d18k60nHerC8A9Km8kYu87zfSFnLA==
  /is-callable/1.2.0:
    dev: false
    engines:
      node: '>= 0.4'
    resolution:
      integrity: sha512-pyVD9AaGLxtg6srb2Ng6ynWJqkHU9bEM087AKck0w8QwDarTfNcpIYoU8x8Hv2Icm8u6kFJM18Dag8lyqGkviw==
  /is-date-object/1.0.2:
    dev: false
    engines:
      node: '>= 0.4'
    resolution:
      integrity: sha512-USlDT524woQ08aoZFzh3/Z6ch9Y/EWXEHQ/AaRN0SkKq4t2Jw2R2339tSXmwuVoY7LLlBCbOIlx2myP/L5zk0g==
  /is-generator-function/1.0.7:
    dev: false
    engines:
      node: '>= 0.4'
    resolution:
      integrity: sha512-YZc5EwyO4f2kWCax7oegfuSr9mFz1ZvieNYBEjmukLxgXfBUbxAWGVF7GZf0zidYtoBl3WvC07YK0wT76a+Rtw==
  /is-regex/1.1.1:
    dependencies:
      has-symbols: 1.0.1
    dev: false
    engines:
      node: '>= 0.4'
    resolution:
      integrity: sha512-1+QkEcxiLlB7VEyFtyBg94e08OAsvq7FUBgApTq/w2ymCLyKJgDPsybBENVtA7XCQEgEXxKPonG+mvYRxh/LIg==
  /is-symbol/1.0.3:
    dependencies:
      has-symbols: 1.0.1
    dev: false
    engines:
      node: '>= 0.4'
    resolution:
      integrity: sha512-OwijhaRSgqvhm/0ZdAcXNZt9lYdKFpcRDT5ULUuYXPoT794UNOdU+gpT6Rzo7b4V2HUl/op6GqY894AZwv9faQ==
  /is-typed-array/1.1.3:
    dependencies:
      available-typed-arrays: 1.0.2
      es-abstract: 1.17.6
      foreach: 2.0.5
      has-symbols: 1.0.1
    dev: false
    engines:
      node: '>= 0.4'
    resolution:
      integrity: sha512-BSYUBOK/HJibQ30wWkWold5txYwMUXQct9YHAQJr8fSwvZoiglcqB0pd7vEN23+Tsi9IUEjztdOSzl4qLVYGTQ==
  /lodash/4.17.20:
    dev: false
    resolution:
      integrity: sha512-PlhdFcillOINfeV7Ni6oF1TAEayyZBoZ8bcshTHqOYJYlrqzRK5hagpagky5o4HfCzzd1TRkXPMFq6cKk9rGmA==
  /mime-db/1.44.0:
    dev: false
    engines:
      node: '>= 0.6'
    resolution:
      integrity: sha512-/NOTfLrsPBVeH7YtFPgsVWveuL+4SjjYxaQ1xtM1KMFj7HdxlBlxeyNLzhyJVx7r4rZGJAZ/6lkKCitSc/Nmpg==
  /mime-types/2.1.27:
    dependencies:
      mime-db: 1.44.0
    dev: false
    engines:
      node: '>= 0.6'
    resolution:
      integrity: sha512-JIhqnCasI9yD+SsmkquHBxTSEuZdQX5BuQnS2Vc7puQQQ+8yiP5AY5uWhpdv4YL4VM5c6iliiYWPgJ/nJQLp7w==
  /ms/2.0.0:
    dev: false
    resolution:
      integrity: sha1-VgiurfwAvmwpAd9fmGF4jeDVl8g=
  /node-fetch/2.6.0:
    dev: false
    engines:
      node: 4.x || >=6.0.0
    resolution:
      integrity: sha512-8dG4H5ujfvFiqDmVu9fQ5bOHUC15JMjMY/Zumv26oOvvVJjM67KF8koCWIabKQ1GJIa9r2mMZscBq/TbdOcmNA==
  /object-inspect/1.8.0:
    dev: false
    resolution:
      integrity: sha512-jLdtEOB112fORuypAyl/50VRVIBIdVQOSUUGQHzJ4xBSbit81zRarz7GThkEFZy1RceYrWYcPcBFPQwHyAc1gA==
  /object-keys/1.1.1:
    dev: false
    engines:
      node: '>= 0.4'
    resolution:
      integrity: sha512-NuAESUOUMrlIXOfHKzD6bpPu3tYt3xvjNdRIQ+FeT0lNb4K8WR70CaDxhuNguS2XG+GjkyMwOzsN5ZktImfhLA==
  /object.assign/4.1.0:
    dependencies:
      define-properties: 1.1.3
      function-bind: 1.1.1
      has-symbols: 1.0.1
      object-keys: 1.1.1
    dev: false
    engines:
      node: '>= 0.4'
    resolution:
      integrity: sha512-exHJeq6kBKj58mqGyTQ9DFvrZC/eR6OwxzoM9YRoGBqrXYonaFyGiFMuc9VZrXf7DarreEwMpurG3dd+CNyW5w==
  /prism-media/1.2.2:
    dev: false
    peerDependencies:
      '@discordjs/opus': ^0.1.0
      ffmpeg-static: ^2.4.0 || ^3.0.0
      node-opus: ^0.3.1
      opusscript: ^0.0.6
    peerDependenciesMeta:
      '@discordjs/opus':
        optional: true
      ffmpeg-static:
        optional: true
      node-opus:
        optional: true
      opusscript:
        optional: true
    resolution:
      integrity: sha512-I+nkWY212lJ500jLe4tN9tWO7nRiBAVdMv76P9kffZjYhw20raMlW1HSSvS+MLXC9MmbNZCazMrAr+5jEEgTuw==
  /require-all/3.0.0:
    dev: false
    engines:
      node: '>= 0.8'
    resolution:
      integrity: sha1-Rz1JcEvjEBFc4ST3c4Ox69hnExI=
  /safe-buffer/5.2.1:
    dev: false
    resolution:
      integrity: sha512-rp3So07KcdmmKbGvgaNxQSJr7bGVSVk5S9Eq1F+ppbRo70+YeaDxkw5Dd8NPN+GD6bjnYm2VuPuCXmpuYvmCXQ==
  /setimmediate/1.0.5:
    dev: false
    resolution:
      integrity: sha1-KQy7Iy4waULX1+qbg3Mqt4VvgoU=
  /string.prototype.trimend/1.0.1:
    dependencies:
      define-properties: 1.1.3
      es-abstract: 1.17.6
    dev: false
    resolution:
      integrity: sha512-LRPxFUaTtpqYsTeNKaFOw3R4bxIzWOnbQ837QfBylo8jIxtcbK/A/sMV7Q+OAV/vWo+7s25pOE10KYSjaSO06g==
  /string.prototype.trimstart/1.0.1:
    dependencies:
      define-properties: 1.1.3
      es-abstract: 1.17.6
    dev: false
    resolution:
      integrity: sha512-XxZn+QpvrBI1FOcg6dIpxUPgWCPuNXvMD72aaRaUQv1eD4e/Qy8i/hFTe0BUmD60p/QA6bh1avmuPTfNjqVWRw==
  /tweetnacl/1.0.3:
    dev: false
    resolution:
      integrity: sha512-6rt+RN7aOi1nGMyC4Xa5DdYiukl2UWCbcJft7YhxReBGQD7OAM8Pbxw6YMo4r2diNEA8FEmu32YOn9rhaiE5yw==
  /util/0.12.3:
    dependencies:
      inherits: 2.0.4
      is-arguments: 1.0.4
      is-generator-function: 1.0.7
      is-typed-array: 1.1.3
      safe-buffer: 5.2.1
      which-typed-array: 1.1.2
    dev: false
    resolution:
      integrity: sha512-I8XkoQwE+fPQEhy9v012V+TSdH2kp9ts29i20TaaDUXsg7x/onePbhFJUExBfv/2ay1ZOp/Vsm3nDlmnFGSAog==
  /which-typed-array/1.1.2:
    dependencies:
      available-typed-arrays: 1.0.2
      es-abstract: 1.17.6
      foreach: 2.0.5
      function-bind: 1.1.1
      has-symbols: 1.0.1
      is-typed-array: 1.1.3
    dev: false
    engines:
      node: '>= 0.4'
    resolution:
      integrity: sha512-KT6okrd1tE6JdZAy3o2VhMoYPh3+J6EMZLyrxBQsZflI1QCZIxMrIYLkosd8Twf+YfknVIHmYQPgJt238p8dnQ==
  /ws/7.3.1:
    dev: false
    engines:
      node: '>=8.3.0'
    peerDependencies:
      bufferutil: ^4.0.1
      utf-8-validate: ^5.0.2
    peerDependenciesMeta:
      bufferutil:
        optional: true
      utf-8-validate:
        optional: true
    resolution:
      integrity: sha512-D3RuNkynyHmEJIpD2qrgVkc9DQ23OrN/moAwZX4L8DfvszsJxpjQuUq3LMx6HoYji9fbIOBY18XWBsAux1ZZUA==
  github.com/discordjs/commando/c5f4b209e89c648cb67007684468b9c51f4aa502_discord.js@12.2.0:
    dependencies:
      common-tags: 1.8.0
      discord.js: 12.2.0
      require-all: 3.0.0
    dev: false
    engines:
      node: '>=8.6.0'
    id: github.com/discordjs/commando/c5f4b209e89c648cb67007684468b9c51f4aa502
    name: discord.js-commando
    peerDependencies:
      '@types/better-sqlite3': ^5.0.0
      better-sqlite3: ^5.0.0
      discord.js: ^12.0.0
      sqlite: ^3.0.0
    resolution:
      registry: 'https://registry.npmjs.org/'
      tarball: 'https://codeload.github.com/discordjs/commando/tar.gz/c5f4b209e89c648cb67007684468b9c51f4aa502'
    version: 0.11.0-dev
specifiers:
  discord.js: ^12.2.0
  discord.js-commando: discordjs/commando
  discord.js-commando-kr: ^0.11.0-dev-kr
  erela.js: ^1.1.8
